
Microsoft Visual Studio Solution File, Format Version 12.00
# Visual Studio 15
VisualStudioVersion = 15.0.26730.12
MinimumVisualStudioVersion = 10.0.40219.1
Project("{FAE04EC0-301F-11D3-BF4B-00C04F79EFBC}") = "Bandlab.Gateway", "Bandlab\Bandlab.Gateway.csproj", "{8B3953FE-F9BA-49BD-8B37-B2C5DC7A44E7}"
EndProject
Project("{151D2E53-A2C4-4D7D-83FE-D05416EBD58E}") = "Bandlab.Deployment", "Bandlab.Deployment\Bandlab.Deployment.deployproj", "{DA4DECD2-3353-40DD-ABA0-63DA86998F09}"
EndProject
Project("{FAE04EC0-301F-11D3-BF4B-00C04F79EFBC}") = "Bandlab.MessageQueue", "Bandlab.MessageQueue\Bandlab.MessageQueue.csproj", "{0B7C79E8-45F7-42DC-8443-5F4901FF9C53}"
EndProject
Project("{FAE04EC0-301F-11D3-BF4B-00C04F79EFBC}") = "Bandlab.Uploader", "Bandlab.Uploader\Bandlab.Uploader.csproj", "{E8DDD9EB-0C2A-4828-BCC6-3E86F3CE2EBD}"
EndProject
Project("{FAE04EC0-301F-11D3-BF4B-00C04F79EFBC}") = "Bandlab.DataProcessor", "Bandlab.DataProcessor\Bandlab.DataProcessor.csproj", "{57910AE8-6311-4D53-BE8D-B0F1634DE9B1}"
EndProject
Project("{151D2E53-A2C4-4D7D-83FE-D05416EBD58E}") = "Bandlab.DataProcessor.Deployment", "Bandlab.DataProcessor.Deployment\Bandlab.DataProcessor.Deployment.deployproj", "{C3737C17-3DE4-47C0-9761-9FCD71984337}"
EndProject
Project("{151D2E53-A2C4-4D7D-83FE-D05416EBD58E}") = "Bandlab.Uploader.Deployment", "Bandlab.Uploader.Deployment\Bandlab.Uploader.Deployment.deployproj", "{E094E717-CF57-44EA-969D-C7ECBFB9112F}"
EndProject
Global
	GlobalSection(SolutionConfigurationPlatforms) = preSolution
		Debug|Any CPU = Debug|Any CPU
		Release|Any CPU = Release|Any CPU
	EndGlobalSection
	GlobalSection(ProjectConfigurationPlatforms) = postSolution
		{8B3953FE-F9BA-49BD-8B37-B2C5DC7A44E7}.Debug|Any CPU.ActiveCfg = Debug|Any CPU
		{8B3953FE-F9BA-49BD-8B37-B2C5DC7A44E7}.Debug|Any CPU.Build.0 = Debug|Any CPU
		{8B3953FE-F9BA-49BD-8B37-B2C5DC7A44E7}.Release|Any CPU.ActiveCfg = Release|Any CPU
		{8B3953FE-F9BA-49BD-8B37-B2C5DC7A44E7}.Release|Any CPU.Build.0 = Release|Any CPU
		{DA4DECD2-3353-40DD-ABA0-63DA86998F09}.Debug|Any CPU.ActiveCfg = Debug|Any CPU
		{DA4DECD2-3353-40DD-ABA0-63DA86998F09}.Debug|Any CPU.Build.0 = Debug|Any CPU
		{DA4DECD2-3353-40DD-ABA0-63DA86998F09}.Release|Any CPU.ActiveCfg = Release|Any CPU
		{DA4DECD2-3353-40DD-ABA0-63DA86998F09}.Release|Any CPU.Build.0 = Release|Any CPU
		{0B7C79E8-45F7-42DC-8443-5F4901FF9C53}.Debug|Any CPU.ActiveCfg = Debug|Any CPU
		{0B7C79E8-45F7-42DC-8443-5F4901FF9C53}.Debug|Any CPU.Build.0 = Debug|Any CPU
		{0B7C79E8-45F7-42DC-8443-5F4901FF9C53}.Release|Any CPU.ActiveCfg = Release|Any CPU
		{0B7C79E8-45F7-42DC-8443-5F4901FF9C53}.Release|Any CPU.Build.0 = Release|Any CPU
		{E8DDD9EB-0C2A-4828-BCC6-3E86F3CE2EBD}.Debug|Any CPU.ActiveCfg = Debug|Any CPU
		{E8DDD9EB-0C2A-4828-BCC6-3E86F3CE2EBD}.Debug|Any CPU.Build.0 = Debug|Any CPU
		{E8DDD9EB-0C2A-4828-BCC6-3E86F3CE2EBD}.Release|Any CPU.ActiveCfg = Release|Any CPU
		{E8DDD9EB-0C2A-4828-BCC6-3E86F3CE2EBD}.Release|Any CPU.Build.0 = Release|Any CPU
		{57910AE8-6311-4D53-BE8D-B0F1634DE9B1}.Debug|Any CPU.ActiveCfg = Debug|Any CPU
		{57910AE8-6311-4D53-BE8D-B0F1634DE9B1}.Debug|Any CPU.Build.0 = Debug|Any CPU
		{57910AE8-6311-4D53-BE8D-B0F1634DE9B1}.Release|Any CPU.ActiveCfg = Release|Any CPU
		{57910AE8-6311-4D53-BE8D-B0F1634DE9B1}.Release|Any CPU.Build.0 = Release|Any CPU
		{C3737C17-3DE4-47C0-9761-9FCD71984337}.Debug|Any CPU.ActiveCfg = Debug|Any CPU
		{C3737C17-3DE4-47C0-9761-9FCD71984337}.Debug|Any CPU.Build.0 = Debug|Any CPU
		{C3737C17-3DE4-47C0-9761-9FCD71984337}.Release|Any CPU.ActiveCfg = Release|Any CPU
		{C3737C17-3DE4-47C0-9761-9FCD71984337}.Release|Any CPU.Build.0 = Release|Any CPU
		{E094E717-CF57-44EA-969D-C7ECBFB9112F}.Debug|Any CPU.ActiveCfg = Debug|Any CPU
		{E094E717-CF57-44EA-969D-C7ECBFB9112F}.Debug|Any CPU.Build.0 = Debug|Any CPU
		{E094E717-CF57-44EA-969D-C7ECBFB9112F}.Release|Any CPU.ActiveCfg = Release|Any CPU
		{E094E717-CF57-44EA-969D-C7ECBFB9112F}.Release|Any CPU.Build.0 = Release|Any CPU
	EndGlobalSection
	GlobalSection(SolutionProperties) = preSolution
		HideSolutionNode = FALSE
	EndGlobalSection
	GlobalSection(ExtensibilityGlobals) = postSolution
		SolutionGuid = {2721ED19-8B1F-475C-8337-097C69E1A77C}
	EndGlobalSection
EndGlobal
